
Microsoft Visual Studio Solution File, Format Version 12.00
# Visual Studio Version 17
VisualStudioVersion = 17.5.33424.131
MinimumVisualStudioVersion = 10.0.40219.1
Project("{9A19103F-16F7-4668-BE54-9A1E7A4F7556}") = "firstclass", "firstclass\firstclass.csproj", "{77ABA180-8729-4059-90C0-25DFFF30079E}"
EndProject
Project("{9A19103F-16F7-4668-BE54-9A1E7A4F7556}") = "secondproject", "secondproject\secondproject.csproj", "{85CC92EA-5428-4B77-BA85-A5DE08A5B98A}"
EndProject
Project("{9A19103F-16F7-4668-BE54-9A1E7A4F7556}") = "assignmentone", "assignmentone\assignmentone.csproj", "{4BE21708-25CE-4A63-8FF6-F6CCEE18C885}"
EndProject
Project("{9A19103F-16F7-4668-BE54-9A1E7A4F7556}") = "Debug", "Debug\Debug.csproj", "{151BEB5C-8BB8-4134-AC7C-3EAC4959FFC8}"
EndProject
Project("{9A19103F-16F7-4668-BE54-9A1E7A4F7556}") = "customercareguidelines", "customercareguidelines\customercareguidelines.csproj", "{9B9A0B63-058E-45C7-879C-7F12667FDD24}"
EndProject
Project("{9A19103F-16F7-4668-BE54-9A1E7A4F7556}") = "voconsonant", "voconsonant\voconsonant.csproj", "{C064B6F8-75F6-49C5-9631-9F05B65AAEF3}"
EndProject
Project("{9A19103F-16F7-4668-BE54-9A1E7A4F7556}") = "chatbot", "chatbot\chatbot.csproj", "{6ED137AB-E6EF-4CBF-94EB-DBA8878F6ACD}"
EndProject
Project("{9A19103F-16F7-4668-BE54-9A1E7A4F7556}") = "atmtransaction", "atmtransactioni\atmtransaction.csproj", "{93AD1DD4-D7A3-4096-9FC3-6AEBA1E61733}"
EndProject
Project("{9A19103F-16F7-4668-BE54-9A1E7A4F7556}") = "sealedPro", "sealedPro\sealedPro.csproj", "{7266041D-3489-4443-9360-4D21319FB84B}"
EndProject
Project("{9A19103F-16F7-4668-BE54-9A1E7A4F7556}") = "nine", "nine\nine.csproj", "{D77C4EA2-5C28-4DF0-9BDD-8237531E6F71}"
EndProject
Project("{9A19103F-16F7-4668-BE54-9A1E7A4F7556}") = "TestPro", "TestPro\TestPro.csproj", "{384EEA2F-C1B9-48B3-9D00-6320F1B24A89}"
EndProject
Project("{9A19103F-16F7-4668-BE54-9A1E7A4F7556}") = "Testing", "Testing\Testing.csproj", "{4EE6B16D-C03C-4025-BB9C-3BA131DA2783}"
EndProject
Project("{9A19103F-16F7-4668-BE54-9A1E7A4F7556}") = "NTesting", "NTesting\NTesting.csproj", "{DF145DCA-D577-4C1F-8752-4EE16245ECFA}"
EndProject
Project("{9A19103F-16F7-4668-BE54-9A1E7A4F7556}") = "atmtransactionTest", "atmtransactionTest\atmtransactionTest.csproj", "{A1FFB152-3080-4F45-96D9-0B5FE6C45BA8}"
EndProject
Project("{9A19103F-16F7-4668-BE54-9A1E7A4F7556}") = "Coll_Gen", "Coll_Gen\Coll_Gen.csproj", "{BAA3EC7D-A06D-499C-A33B-14F07181B890}"
EndProject
Project("{9A19103F-16F7-4668-BE54-9A1E7A4F7556}") = "DemoOne", "DemoOne\DemoOne.csproj", "{280A828B-3BCE-4BA5-A214-DE69D6FCD7E5}"
EndProject
Project("{9A19103F-16F7-4668-BE54-9A1E7A4F7556}") = "DemoInherit", "DemoInherit\DemoInherit.csproj", "{4FF9DEA7-D141-4F57-B814-FA0AF6A4964A}"
EndProject
Project("{9A19103F-16F7-4668-BE54-9A1E7A4F7556}") = "NewDemo", "NewDemo\NewDemo.csproj", "{FB6D9C48-A2AF-4C1A-A7BD-0F43227A33F4}"
EndProject
Project("{9A19103F-16F7-4668-BE54-9A1E7A4F7556}") = "ExceptioniHandlingClass", "ExceptioniHandlingClass\ExceptioniHandlingClass.csproj", "{688432AB-8C6E-4D3D-B7A1-69B6486EE5EA}"
EndProject
Project("{9A19103F-16F7-4668-BE54-9A1E7A4F7556}") = "Accounting", "Accounting\Accounting.csproj", "{C6C813B4-D3DD-4E6C-8C9D-B180B2FFC5B4}"
EndProject
Project("{9A19103F-16F7-4668-BE54-9A1E7A4F7556}") = "UserDefinedFunc", "UserDefinedFunc\UserDefinedFunc.csproj", "{809F5DFE-BE6C-46E4-BC2D-CBD481D7AC67}"
EndProject
Project("{9A19103F-16F7-4668-BE54-9A1E7A4F7556}") = "ValRefDemo", "ValRefDemo\ValRefDemo.csproj", "{AA3C06F5-4895-472F-8327-513CD86D07C1}"
EndProject
Project("{9A19103F-16F7-4668-BE54-9A1E7A4F7556}") = "StudentDemo", "StudentDemo\StudentDemo.csproj", "{DC7936A2-AC32-4BD0-AD07-544B24FE2A7B}"
EndProject
Project("{9A19103F-16F7-4668-BE54-9A1E7A4F7556}") = "KeywordPractiseDemo", "KeywordPractiseDemo\KeywordPractiseDemo.csproj", "{2A9646C4-359E-4BEE-A2C8-E7E9C800D4A8}"
EndProject
Project("{9A19103F-16F7-4668-BE54-9A1E7A4F7556}") = "LaptopConfig", "LaptopConfig\LaptopConfig.csproj", "{622B598C-AF2A-494D-B8FE-F015C74F363C}"
EndProject
Project("{9A19103F-16F7-4668-BE54-9A1E7A4F7556}") = "FactoryPattern", "FactoryPattern\FactoryPattern.csproj", "{DE0AD7C2-A480-4612-BA1E-038157BFA7DE}"
EndProject
Project("{9A19103F-16F7-4668-BE54-9A1E7A4F7556}") = "SingleTonDesignPattern", "SingleTonDesignPattern\SingleTonDesignPattern.csproj", "{234D15FB-152C-42AE-AA84-82694F601699}"
EndProject
Project("{9A19103F-16F7-4668-BE54-9A1E7A4F7556}") = "FactorySingletonMer", "FactorySingletonMer\FactorySingletonMer.csproj", "{EF7499BF-EC34-4361-A3E8-B23DB5B17B31}"
EndProject
Project("{9A19103F-16F7-4668-BE54-9A1E7A4F7556}") = "AtmFactory", "AtmFactory\AtmFactory.csproj", "{144E2FC7-9403-4B4B-9325-BD123094E54E}"
EndProject
Project("{9A19103F-16F7-4668-BE54-9A1E7A4F7556}") = "AtmSingleton", "AtmSingleton\AtmSingleton.csproj", "{E2AB5740-F84A-4A8B-B505-3CA91158B2D6}"
EndProject
Project("{9A19103F-16F7-4668-BE54-9A1E7A4F7556}") = "BuilderApp", "BuilderApp\BuilderApp.csproj", "{533D3888-2D00-4631-9B87-160F2602AC66}"
EndProject
Project("{9A19103F-16F7-4668-BE54-9A1E7A4F7556}") = "HomeMainAppBuilder", "HomeMainAppBuilder\HomeMainAppBuilder.csproj", "{5AFCD1E9-DB2C-4426-A431-DAC5EF4071D5}"
EndProject
Project("{9A19103F-16F7-4668-BE54-9A1E7A4F7556}") = "BurgerMain", "BurgerMain\BurgerMain.csproj", "{BCAF8E0D-2346-4DF1-8BC8-8B14EC51D4BF}"
EndProject
Project("{9A19103F-16F7-4668-BE54-9A1E7A4F7556}") = "FacadeDemo", "FacadeDemo\FacadeDemo.csproj", "{34D0F143-ED41-41BC-A643-B31525420C15}"
EndProject
Project("{9A19103F-16F7-4668-BE54-9A1E7A4F7556}") = "FacadeScientificCalculator", "FacadeScientificCalculator\FacadeScientificCalculator.csproj", "{31656C22-5940-408E-9DB1-4B132D6D4263}"
EndProject
Project("{9A19103F-16F7-4668-BE54-9A1E7A4F7556}") = "AssignTemplateDocument", "AssignTemplateDocument\AssignTemplateDocument.csproj", "{960512E7-00BF-4659-AC39-0CE8E064942E}"
EndProject
Project("{9A19103F-16F7-4668-BE54-9A1E7A4F7556}") = "AssignFactoryBike", "AssignFactoryBike\AssignFactoryBike.csproj", "{6FE2E30A-2EA9-4E62-9A24-4D1D207A935E}"
EndProject
Project("{9A19103F-16F7-4668-BE54-9A1E7A4F7556}") = "AssignBuilderPrinter", "AssignBuilderPrinter\AssignBuilderPrinter.csproj", "{80B1F1F1-AE7A-4D38-B80B-56CAF0C39959}"
EndProject
Project("{9A19103F-16F7-4668-BE54-9A1E7A4F7556}") = "AssignFacadeMobile", "AssignFacadeMobile\AssignFacadeMobile.csproj", "{22B7913E-25B0-4BD5-84B8-DADDC54C0DFD}"
EndProject
Project("{9A19103F-16F7-4668-BE54-9A1E7A4F7556}") = "CommandPatternDemo", "CommandPatternDemo\CommandPatternDemo.csproj", "{AF42278E-D1C2-4805-8FDF-FD5DFBA967D7}"
EndProject
Project("{9A19103F-16F7-4668-BE54-9A1E7A4F7556}") = "ObservePatternDemo", "ObservePatternDemo\ObservePatternDemo.csproj", "{07691D18-64AA-4BCF-BD5B-0D75518BDA48}"
EndProject
Project("{9A19103F-16F7-4668-BE54-9A1E7A4F7556}") = "CommandRestroDesign", "CommandRestroDesign\CommandRestroDesign.csproj", "{075100C4-08E9-4FF8-965A-40B14DF93F6A}"
EndProject
Project("{FAE04EC0-301F-11D3-BF4B-00C04F79EFBC}") = "LinqDemo", "LinqDemo\LinqDemo.csproj", "{AD53D4A8-E5FA-482A-9F5A-649E690D9816}"
EndProject
Global
	GlobalSection(SolutionConfigurationPlatforms) = preSolution
		Debug|Any CPU = Debug|Any CPU
		Release|Any CPU = Release|Any CPU
	EndGlobalSection
	GlobalSection(ProjectConfigurationPlatforms) = postSolution
		{77ABA180-8729-4059-90C0-25DFFF30079E}.Debug|Any CPU.ActiveCfg = Debug|Any CPU
		{77ABA180-8729-4059-90C0-25DFFF30079E}.Debug|Any CPU.Build.0 = Debug|Any CPU
		{77ABA180-8729-4059-90C0-25DFFF30079E}.Release|Any CPU.ActiveCfg = Release|Any CPU
		{77ABA180-8729-4059-90C0-25DFFF30079E}.Release|Any CPU.Build.0 = Release|Any CPU
		{85CC92EA-5428-4B77-BA85-A5DE08A5B98A}.Debug|Any CPU.ActiveCfg = Debug|Any CPU
		{85CC92EA-5428-4B77-BA85-A5DE08A5B98A}.Debug|Any CPU.Build.0 = Debug|Any CPU
		{85CC92EA-5428-4B77-BA85-A5DE08A5B98A}.Release|Any CPU.ActiveCfg = Release|Any CPU
		{85CC92EA-5428-4B77-BA85-A5DE08A5B98A}.Release|Any CPU.Build.0 = Release|Any CPU
		{4BE21708-25CE-4A63-8FF6-F6CCEE18C885}.Debug|Any CPU.ActiveCfg = Debug|Any CPU
		{4BE21708-25CE-4A63-8FF6-F6CCEE18C885}.Debug|Any CPU.Build.0 = Debug|Any CPU
		{4BE21708-25CE-4A63-8FF6-F6CCEE18C885}.Release|Any CPU.ActiveCfg = Release|Any CPU
		{4BE21708-25CE-4A63-8FF6-F6CCEE18C885}.Release|Any CPU.Build.0 = Release|Any CPU
		{151BEB5C-8BB8-4134-AC7C-3EAC4959FFC8}.Debug|Any CPU.ActiveCfg = Debug|Any CPU
		{151BEB5C-8BB8-4134-AC7C-3EAC4959FFC8}.Debug|Any CPU.Build.0 = Debug|Any CPU
		{151BEB5C-8BB8-4134-AC7C-3EAC4959FFC8}.Release|Any CPU.ActiveCfg = Release|Any CPU
		{151BEB5C-8BB8-4134-AC7C-3EAC4959FFC8}.Release|Any CPU.Build.0 = Release|Any CPU
		{9B9A0B63-058E-45C7-879C-7F12667FDD24}.Debug|Any CPU.ActiveCfg = Debug|Any CPU
		{9B9A0B63-058E-45C7-879C-7F12667FDD24}.Debug|Any CPU.Build.0 = Debug|Any CPU
		{9B9A0B63-058E-45C7-879C-7F12667FDD24}.Release|Any CPU.ActiveCfg = Release|Any CPU
		{9B9A0B63-058E-45C7-879C-7F12667FDD24}.Release|Any CPU.Build.0 = Release|Any CPU
		{C064B6F8-75F6-49C5-9631-9F05B65AAEF3}.Debug|Any CPU.ActiveCfg = Debug|Any CPU
		{C064B6F8-75F6-49C5-9631-9F05B65AAEF3}.Debug|Any CPU.Build.0 = Debug|Any CPU
		{C064B6F8-75F6-49C5-9631-9F05B65AAEF3}.Release|Any CPU.ActiveCfg = Release|Any CPU
		{C064B6F8-75F6-49C5-9631-9F05B65AAEF3}.Release|Any CPU.Build.0 = Release|Any CPU
		{6ED137AB-E6EF-4CBF-94EB-DBA8878F6ACD}.Debug|Any CPU.ActiveCfg = Debug|Any CPU
		{6ED137AB-E6EF-4CBF-94EB-DBA8878F6ACD}.Debug|Any CPU.Build.0 = Debug|Any CPU
		{6ED137AB-E6EF-4CBF-94EB-DBA8878F6ACD}.Release|Any CPU.ActiveCfg = Release|Any CPU
		{6ED137AB-E6EF-4CBF-94EB-DBA8878F6ACD}.Release|Any CPU.Build.0 = Release|Any CPU
		{93AD1DD4-D7A3-4096-9FC3-6AEBA1E61733}.Debug|Any CPU.ActiveCfg = Debug|Any CPU
		{93AD1DD4-D7A3-4096-9FC3-6AEBA1E61733}.Debug|Any CPU.Build.0 = Debug|Any CPU
		{93AD1DD4-D7A3-4096-9FC3-6AEBA1E61733}.Release|Any CPU.ActiveCfg = Release|Any CPU
		{93AD1DD4-D7A3-4096-9FC3-6AEBA1E61733}.Release|Any CPU.Build.0 = Release|Any CPU
		{7266041D-3489-4443-9360-4D21319FB84B}.Debug|Any CPU.ActiveCfg = Debug|Any CPU
		{7266041D-3489-4443-9360-4D21319FB84B}.Debug|Any CPU.Build.0 = Debug|Any CPU
		{7266041D-3489-4443-9360-4D21319FB84B}.Release|Any CPU.ActiveCfg = Release|Any CPU
		{7266041D-3489-4443-9360-4D21319FB84B}.Release|Any CPU.Build.0 = Release|Any CPU
		{D77C4EA2-5C28-4DF0-9BDD-8237531E6F71}.Debug|Any CPU.ActiveCfg = Debug|Any CPU
		{D77C4EA2-5C28-4DF0-9BDD-8237531E6F71}.Debug|Any CPU.Build.0 = Debug|Any CPU
		{D77C4EA2-5C28-4DF0-9BDD-8237531E6F71}.Release|Any CPU.ActiveCfg = Release|Any CPU
		{D77C4EA2-5C28-4DF0-9BDD-8237531E6F71}.Release|Any CPU.Build.0 = Release|Any CPU
		{384EEA2F-C1B9-48B3-9D00-6320F1B24A89}.Debug|Any CPU.ActiveCfg = Debug|Any CPU
		{384EEA2F-C1B9-48B3-9D00-6320F1B24A89}.Debug|Any CPU.Build.0 = Debug|Any CPU
		{384EEA2F-C1B9-48B3-9D00-6320F1B24A89}.Release|Any CPU.ActiveCfg = Release|Any CPU
		{384EEA2F-C1B9-48B3-9D00-6320F1B24A89}.Release|Any CPU.Build.0 = Release|Any CPU
		{4EE6B16D-C03C-4025-BB9C-3BA131DA2783}.Debug|Any CPU.ActiveCfg = Debug|Any CPU
		{4EE6B16D-C03C-4025-BB9C-3BA131DA2783}.Debug|Any CPU.Build.0 = Debug|Any CPU
		{4EE6B16D-C03C-4025-BB9C-3BA131DA2783}.Release|Any CPU.ActiveCfg = Release|Any CPU
		{4EE6B16D-C03C-4025-BB9C-3BA131DA2783}.Release|Any CPU.Build.0 = Release|Any CPU
		{DF145DCA-D577-4C1F-8752-4EE16245ECFA}.Debug|Any CPU.ActiveCfg = Debug|Any CPU
		{DF145DCA-D577-4C1F-8752-4EE16245ECFA}.Debug|Any CPU.Build.0 = Debug|Any CPU
		{DF145DCA-D577-4C1F-8752-4EE16245ECFA}.Release|Any CPU.ActiveCfg = Release|Any CPU
		{DF145DCA-D577-4C1F-8752-4EE16245ECFA}.Release|Any CPU.Build.0 = Release|Any CPU
		{A1FFB152-3080-4F45-96D9-0B5FE6C45BA8}.Debug|Any CPU.ActiveCfg = Debug|Any CPU
		{A1FFB152-3080-4F45-96D9-0B5FE6C45BA8}.Debug|Any CPU.Build.0 = Debug|Any CPU
		{A1FFB152-3080-4F45-96D9-0B5FE6C45BA8}.Release|Any CPU.ActiveCfg = Release|Any CPU
		{A1FFB152-3080-4F45-96D9-0B5FE6C45BA8}.Release|Any CPU.Build.0 = Release|Any CPU
		{BAA3EC7D-A06D-499C-A33B-14F07181B890}.Debug|Any CPU.ActiveCfg = Debug|Any CPU
		{BAA3EC7D-A06D-499C-A33B-14F07181B890}.Debug|Any CPU.Build.0 = Debug|Any CPU
		{BAA3EC7D-A06D-499C-A33B-14F07181B890}.Release|Any CPU.ActiveCfg = Release|Any CPU
		{BAA3EC7D-A06D-499C-A33B-14F07181B890}.Release|Any CPU.Build.0 = Release|Any CPU
		{280A828B-3BCE-4BA5-A214-DE69D6FCD7E5}.Debug|Any CPU.ActiveCfg = Debug|Any CPU
		{280A828B-3BCE-4BA5-A214-DE69D6FCD7E5}.Debug|Any CPU.Build.0 = Debug|Any CPU
		{280A828B-3BCE-4BA5-A214-DE69D6FCD7E5}.Release|Any CPU.ActiveCfg = Release|Any CPU
		{280A828B-3BCE-4BA5-A214-DE69D6FCD7E5}.Release|Any CPU.Build.0 = Release|Any CPU
		{4FF9DEA7-D141-4F57-B814-FA0AF6A4964A}.Debug|Any CPU.ActiveCfg = Debug|Any CPU
		{4FF9DEA7-D141-4F57-B814-FA0AF6A4964A}.Debug|Any CPU.Build.0 = Debug|Any CPU
		{4FF9DEA7-D141-4F57-B814-FA0AF6A4964A}.Release|Any CPU.ActiveCfg = Release|Any CPU
		{4FF9DEA7-D141-4F57-B814-FA0AF6A4964A}.Release|Any CPU.Build.0 = Release|Any CPU
		{FB6D9C48-A2AF-4C1A-A7BD-0F43227A33F4}.Debug|Any CPU.ActiveCfg = Debug|Any CPU
		{FB6D9C48-A2AF-4C1A-A7BD-0F43227A33F4}.Debug|Any CPU.Build.0 = Debug|Any CPU
		{FB6D9C48-A2AF-4C1A-A7BD-0F43227A33F4}.Release|Any CPU.ActiveCfg = Release|Any CPU
		{FB6D9C48-A2AF-4C1A-A7BD-0F43227A33F4}.Release|Any CPU.Build.0 = Release|Any CPU
		{688432AB-8C6E-4D3D-B7A1-69B6486EE5EA}.Debug|Any CPU.ActiveCfg = Debug|Any CPU
		{688432AB-8C6E-4D3D-B7A1-69B6486EE5EA}.Debug|Any CPU.Build.0 = Debug|Any CPU
		{688432AB-8C6E-4D3D-B7A1-69B6486EE5EA}.Release|Any CPU.ActiveCfg = Release|Any CPU
		{688432AB-8C6E-4D3D-B7A1-69B6486EE5EA}.Release|Any CPU.Build.0 = Release|Any CPU
		{C6C813B4-D3DD-4E6C-8C9D-B180B2FFC5B4}.Debug|Any CPU.ActiveCfg = Debug|Any CPU
		{C6C813B4-D3DD-4E6C-8C9D-B180B2FFC5B4}.Debug|Any CPU.Build.0 = Debug|Any CPU
		{C6C813B4-D3DD-4E6C-8C9D-B180B2FFC5B4}.Release|Any CPU.ActiveCfg = Release|Any CPU
		{C6C813B4-D3DD-4E6C-8C9D-B180B2FFC5B4}.Release|Any CPU.Build.0 = Release|Any CPU
		{809F5DFE-BE6C-46E4-BC2D-CBD481D7AC67}.Debug|Any CPU.ActiveCfg = Debug|Any CPU
		{809F5DFE-BE6C-46E4-BC2D-CBD481D7AC67}.Debug|Any CPU.Build.0 = Debug|Any CPU
		{809F5DFE-BE6C-46E4-BC2D-CBD481D7AC67}.Release|Any CPU.ActiveCfg = Release|Any CPU
		{809F5DFE-BE6C-46E4-BC2D-CBD481D7AC67}.Release|Any CPU.Build.0 = Release|Any CPU
		{AA3C06F5-4895-472F-8327-513CD86D07C1}.Debug|Any CPU.ActiveCfg = Debug|Any CPU
		{AA3C06F5-4895-472F-8327-513CD86D07C1}.Debug|Any CPU.Build.0 = Debug|Any CPU
		{AA3C06F5-4895-472F-8327-513CD86D07C1}.Release|Any CPU.ActiveCfg = Release|Any CPU
		{AA3C06F5-4895-472F-8327-513CD86D07C1}.Release|Any CPU.Build.0 = Release|Any CPU
		{DC7936A2-AC32-4BD0-AD07-544B24FE2A7B}.Debug|Any CPU.ActiveCfg = Debug|Any CPU
		{DC7936A2-AC32-4BD0-AD07-544B24FE2A7B}.Debug|Any CPU.Build.0 = Debug|Any CPU
		{DC7936A2-AC32-4BD0-AD07-544B24FE2A7B}.Release|Any CPU.ActiveCfg = Release|Any CPU
		{DC7936A2-AC32-4BD0-AD07-544B24FE2A7B}.Release|Any CPU.Build.0 = Release|Any CPU
		{2A9646C4-359E-4BEE-A2C8-E7E9C800D4A8}.Debug|Any CPU.ActiveCfg = Debug|Any CPU
		{2A9646C4-359E-4BEE-A2C8-E7E9C800D4A8}.Debug|Any CPU.Build.0 = Debug|Any CPU
		{2A9646C4-359E-4BEE-A2C8-E7E9C800D4A8}.Release|Any CPU.ActiveCfg = Release|Any CPU
		{2A9646C4-359E-4BEE-A2C8-E7E9C800D4A8}.Release|Any CPU.Build.0 = Release|Any CPU
		{622B598C-AF2A-494D-B8FE-F015C74F363C}.Debug|Any CPU.ActiveCfg = Debug|Any CPU
		{622B598C-AF2A-494D-B8FE-F015C74F363C}.Debug|Any CPU.Build.0 = Debug|Any CPU
		{622B598C-AF2A-494D-B8FE-F015C74F363C}.Release|Any CPU.ActiveCfg = Release|Any CPU
		{622B598C-AF2A-494D-B8FE-F015C74F363C}.Release|Any CPU.Build.0 = Release|Any CPU
		{DE0AD7C2-A480-4612-BA1E-038157BFA7DE}.Debug|Any CPU.ActiveCfg = Debug|Any CPU
		{DE0AD7C2-A480-4612-BA1E-038157BFA7DE}.Debug|Any CPU.Build.0 = Debug|Any CPU
		{DE0AD7C2-A480-4612-BA1E-038157BFA7DE}.Release|Any CPU.ActiveCfg = Release|Any CPU
		{DE0AD7C2-A480-4612-BA1E-038157BFA7DE}.Release|Any CPU.Build.0 = Release|Any CPU
		{234D15FB-152C-42AE-AA84-82694F601699}.Debug|Any CPU.ActiveCfg = Debug|Any CPU
		{234D15FB-152C-42AE-AA84-82694F601699}.Debug|Any CPU.Build.0 = Debug|Any CPU
		{234D15FB-152C-42AE-AA84-82694F601699}.Release|Any CPU.ActiveCfg = Release|Any CPU
		{234D15FB-152C-42AE-AA84-82694F601699}.Release|Any CPU.Build.0 = Release|Any CPU
		{EF7499BF-EC34-4361-A3E8-B23DB5B17B31}.Debug|Any CPU.ActiveCfg = Debug|Any CPU
		{EF7499BF-EC34-4361-A3E8-B23DB5B17B31}.Debug|Any CPU.Build.0 = Debug|Any CPU
		{EF7499BF-EC34-4361-A3E8-B23DB5B17B31}.Release|Any CPU.ActiveCfg = Release|Any CPU
		{EF7499BF-EC34-4361-A3E8-B23DB5B17B31}.Release|Any CPU.Build.0 = Release|Any CPU
		{144E2FC7-9403-4B4B-9325-BD123094E54E}.Debug|Any CPU.ActiveCfg = Debug|Any CPU
		{144E2FC7-9403-4B4B-9325-BD123094E54E}.Debug|Any CPU.Build.0 = Debug|Any CPU
		{144E2FC7-9403-4B4B-9325-BD123094E54E}.Release|Any CPU.ActiveCfg = Release|Any CPU
		{144E2FC7-9403-4B4B-9325-BD123094E54E}.Release|Any CPU.Build.0 = Release|Any CPU
		{E2AB5740-F84A-4A8B-B505-3CA91158B2D6}.Debug|Any CPU.ActiveCfg = Debug|Any CPU
		{E2AB5740-F84A-4A8B-B505-3CA91158B2D6}.Debug|Any CPU.Build.0 = Debug|Any CPU
		{E2AB5740-F84A-4A8B-B505-3CA91158B2D6}.Release|Any CPU.ActiveCfg = Release|Any CPU
		{E2AB5740-F84A-4A8B-B505-3CA91158B2D6}.Release|Any CPU.Build.0 = Release|Any CPU
		{533D3888-2D00-4631-9B87-160F2602AC66}.Debug|Any CPU.ActiveCfg = Debug|Any CPU
		{533D3888-2D00-4631-9B87-160F2602AC66}.Debug|Any CPU.Build.0 = Debug|Any CPU
		{533D3888-2D00-4631-9B87-160F2602AC66}.Release|Any CPU.ActiveCfg = Release|Any CPU
		{533D3888-2D00-4631-9B87-160F2602AC66}.Release|Any CPU.Build.0 = Release|Any CPU
		{5AFCD1E9-DB2C-4426-A431-DAC5EF4071D5}.Debug|Any CPU.ActiveCfg = Debug|Any CPU
		{5AFCD1E9-DB2C-4426-A431-DAC5EF4071D5}.Debug|Any CPU.Build.0 = Debug|Any CPU
		{5AFCD1E9-DB2C-4426-A431-DAC5EF4071D5}.Release|Any CPU.ActiveCfg = Release|Any CPU
		{5AFCD1E9-DB2C-4426-A431-DAC5EF4071D5}.Release|Any CPU.Build.0 = Release|Any CPU
		{BCAF8E0D-2346-4DF1-8BC8-8B14EC51D4BF}.Debug|Any CPU.ActiveCfg = Debug|Any CPU
		{BCAF8E0D-2346-4DF1-8BC8-8B14EC51D4BF}.Debug|Any CPU.Build.0 = Debug|Any CPU
		{BCAF8E0D-2346-4DF1-8BC8-8B14EC51D4BF}.Release|Any CPU.ActiveCfg = Release|Any CPU
		{BCAF8E0D-2346-4DF1-8BC8-8B14EC51D4BF}.Release|Any CPU.Build.0 = Release|Any CPU
		{34D0F143-ED41-41BC-A643-B31525420C15}.Debug|Any CPU.ActiveCfg = Debug|Any CPU
		{34D0F143-ED41-41BC-A643-B31525420C15}.Debug|Any CPU.Build.0 = Debug|Any CPU
		{34D0F143-ED41-41BC-A643-B31525420C15}.Release|Any CPU.ActiveCfg = Release|Any CPU
		{34D0F143-ED41-41BC-A643-B31525420C15}.Release|Any CPU.Build.0 = Release|Any CPU
		{31656C22-5940-408E-9DB1-4B132D6D4263}.Debug|Any CPU.ActiveCfg = Debug|Any CPU
		{31656C22-5940-408E-9DB1-4B132D6D4263}.Debug|Any CPU.Build.0 = Debug|Any CPU
		{31656C22-5940-408E-9DB1-4B132D6D4263}.Release|Any CPU.ActiveCfg = Release|Any CPU
		{31656C22-5940-408E-9DB1-4B132D6D4263}.Release|Any CPU.Build.0 = Release|Any CPU
		{960512E7-00BF-4659-AC39-0CE8E064942E}.Debug|Any CPU.ActiveCfg = Debug|Any CPU
		{960512E7-00BF-4659-AC39-0CE8E064942E}.Debug|Any CPU.Build.0 = Debug|Any CPU
		{960512E7-00BF-4659-AC39-0CE8E064942E}.Release|Any CPU.ActiveCfg = Release|Any CPU
		{960512E7-00BF-4659-AC39-0CE8E064942E}.Release|Any CPU.Build.0 = Release|Any CPU
		{6FE2E30A-2EA9-4E62-9A24-4D1D207A935E}.Debug|Any CPU.ActiveCfg = Debug|Any CPU
		{6FE2E30A-2EA9-4E62-9A24-4D1D207A935E}.Debug|Any CPU.Build.0 = Debug|Any CPU
		{6FE2E30A-2EA9-4E62-9A24-4D1D207A935E}.Release|Any CPU.ActiveCfg = Release|Any CPU
		{6FE2E30A-2EA9-4E62-9A24-4D1D207A935E}.Release|Any CPU.Build.0 = Release|Any CPU
		{80B1F1F1-AE7A-4D38-B80B-56CAF0C39959}.Debug|Any CPU.ActiveCfg = Debug|Any CPU
		{80B1F1F1-AE7A-4D38-B80B-56CAF0C39959}.Debug|Any CPU.Build.0 = Debug|Any CPU
		{80B1F1F1-AE7A-4D38-B80B-56CAF0C39959}.Release|Any CPU.ActiveCfg = Release|Any CPU
		{80B1F1F1-AE7A-4D38-B80B-56CAF0C39959}.Release|Any CPU.Build.0 = Release|Any CPU
		{22B7913E-25B0-4BD5-84B8-DADDC54C0DFD}.Debug|Any CPU.ActiveCfg = Debug|Any CPU
		{22B7913E-25B0-4BD5-84B8-DADDC54C0DFD}.Debug|Any CPU.Build.0 = Debug|Any CPU
		{22B7913E-25B0-4BD5-84B8-DADDC54C0DFD}.Release|Any CPU.ActiveCfg = Release|Any CPU
		{22B7913E-25B0-4BD5-84B8-DADDC54C0DFD}.Release|Any CPU.Build.0 = Release|Any CPU
		{AF42278E-D1C2-4805-8FDF-FD5DFBA967D7}.Debug|Any CPU.ActiveCfg = Debug|Any CPU
		{AF42278E-D1C2-4805-8FDF-FD5DFBA967D7}.Debug|Any CPU.Build.0 = Debug|Any CPU
		{AF42278E-D1C2-4805-8FDF-FD5DFBA967D7}.Release|Any CPU.ActiveCfg = Release|Any CPU
		{AF42278E-D1C2-4805-8FDF-FD5DFBA967D7}.Release|Any CPU.Build.0 = Release|Any CPU
		{07691D18-64AA-4BCF-BD5B-0D75518BDA48}.Debug|Any CPU.ActiveCfg = Debug|Any CPU
		{07691D18-64AA-4BCF-BD5B-0D75518BDA48}.Debug|Any CPU.Build.0 = Debug|Any CPU
		{07691D18-64AA-4BCF-BD5B-0D75518BDA48}.Release|Any CPU.ActiveCfg = Release|Any CPU
		{07691D18-64AA-4BCF-BD5B-0D75518BDA48}.Release|Any CPU.Build.0 = Release|Any CPU
		{075100C4-08E9-4FF8-965A-40B14DF93F6A}.Debug|Any CPU.ActiveCfg = Debug|Any CPU
		{075100C4-08E9-4FF8-965A-40B14DF93F6A}.Debug|Any CPU.Build.0 = Debug|Any CPU
		{075100C4-08E9-4FF8-965A-40B14DF93F6A}.Release|Any CPU.ActiveCfg = Release|Any CPU
		{075100C4-08E9-4FF8-965A-40B14DF93F6A}.Release|Any CPU.Build.0 = Release|Any CPU
		{AD53D4A8-E5FA-482A-9F5A-649E690D9816}.Debug|Any CPU.ActiveCfg = Debug|Any CPU
		{AD53D4A8-E5FA-482A-9F5A-649E690D9816}.Debug|Any CPU.Build.0 = Debug|Any CPU
		{AD53D4A8-E5FA-482A-9F5A-649E690D9816}.Release|Any CPU.ActiveCfg = Release|Any CPU
		{AD53D4A8-E5FA-482A-9F5A-649E690D9816}.Release|Any CPU.Build.0 = Release|Any CPU
	EndGlobalSection
	GlobalSection(SolutionProperties) = preSolution
		HideSolutionNode = FALSE
	EndGlobalSection
	GlobalSection(ExtensibilityGlobals) = postSolution
		SolutionGuid = {091EF8FE-A812-4B16-BAA9-1A01A6CE590C}
	EndGlobalSection
EndGlobal
